# This file is automatically @generated by Poetry 1.8.5 and should not be changed by hand.

[[package]]
name = "beautifulsoup4"
version = "4.13.1"
description = "Screen-scraping library"
optional = false
python-versions = ">=3.7.0"
files = [
    {file = "beautifulsoup4-4.13.1-py3-none-any.whl", hash = "sha256:72465267014897bb10ca749bb632bde6c2d20f3254afd5458544bd74e6c2e6d8"},
    {file = "beautifulsoup4-4.13.1.tar.gz", hash = "sha256:741c8b6903a1e4ae8ba32b9c9ae7510dab7a197fdbadcf9fcdeb0891ef5ec66a"},
]

[package.dependencies]
soupsieve = ">1.2"
typing-extensions = ">=4.0.0"

[package.extras]
cchardet = ["cchardet"]
chardet = ["chardet"]
charset-normalizer = ["charset-normalizer"]
html5lib = ["html5lib"]
lxml = ["lxml"]

[[package]]
name = "bs4"
version = "0.0.2"
description = "Dummy package for Beautiful Soup (beautifulsoup4)"
optional = false
python-versions = "*"
files = [
    {file = "bs4-0.0.2-py2.py3-none-any.whl", hash = "sha256:abf8742c0805ef7f662dce4b51cca104cffe52b835238afc169142ab9b3fbccc"},
    {file = "bs4-0.0.2.tar.gz", hash = "sha256:a48685c58f50fe127722417bae83fe6badf500d54b55f7e39ffe43b798653925"},
]

[package.dependencies]
beautifulsoup4 = "*"

[[package]]
name = "click"
version = "8.1.8"
description = "Composable command line interface toolkit"
optional = false
python-versions = ">=3.7"
files = [
    {file = "click-8.1.8-py3-none-any.whl", hash = "sha256:63c132bbbed01578a06712a2d1f497bb62d9c1c0d329b7903a866228027263b2"},
    {file = "click-8.1.8.tar.gz", hash = "sha256:ed53c9d8990d83c2a27deae68e4ee337473f6330c040a31d4225c9574d16096a"},
]

[package.dependencies]
colorama = {version = "*", markers = "platform_system == \"Windows\""}

[[package]]
name = "colorama"
version = "0.4.6"
description = "Cross-platform colored terminal text."
optional = false
python-versions = "!=3.0.*,!=3.1.*,!=3.2.*,!=3.3.*,!=3.4.*,!=3.5.*,!=3.6.*,>=2.7"
files = [
    {file = "colorama-0.4.6-py2.py3-none-any.whl", hash = "sha256:4f1d9991f5acc0ca119f9d443620b77f9d6b33703e51011c16baf57afb285fc6"},
    {file = "colorama-0.4.6.tar.gz", hash = "sha256:08695f5cb7ed6e0531a20572697297273c47b8cae5a63ffc6d6ed5c201be6e44"},
]

[[package]]
name = "joblib"
version = "1.4.2"
description = "Lightweight pipelining with Python functions"
optional = false
python-versions = ">=3.8"
files = [
    {file = "joblib-1.4.2-py3-none-any.whl", hash = "sha256:06d478d5674cbc267e7496a410ee875abd68e4340feff4490bcb7afb88060ae6"},
    {file = "joblib-1.4.2.tar.gz", hash = "sha256:2382c5816b2636fbd20a09e0f4e9dad4736765fdfb7dca582943b9c1366b3f0e"},
]

[[package]]
name = "lxml"
version = "5.3.0"
description = "Powerful and Pythonic XML processing library combining libxml2/libxslt with the ElementTree API."
optional = false
python-versions = ">=3.6"
files = [
    {file = "lxml-5.3.0-cp310-cp310-macosx_10_9_universal2.whl", hash = "sha256:dd36439be765e2dde7660212b5275641edbc813e7b24668831a5c8ac91180656"},
    {file = "lxml-5.3.0-cp310-cp310-macosx_10_9_x86_64.whl", hash = "sha256:ae5fe5c4b525aa82b8076c1a59d642c17b6e8739ecf852522c6321852178119d"},
    {file = "lxml-5.3.0-cp310-cp310-manylinux_2_12_i686.manylinux2010_i686.manylinux_2_17_i686.manylinux2014_i686.whl", hash = "sha256:501d0d7e26b4d261fca8132854d845e4988097611ba2531408ec91cf3fd9d20a"},
    {file = "lxml-5.3.0-cp310-cp310-manylinux_2_17_aarch64.manylinux2014_aarch64.whl", hash = "sha256:fb66442c2546446944437df74379e9cf9e9db353e61301d1a0e26482f43f0dd8"},
    {file = "lxml-5.3.0-cp310-cp310-manylinux_2_17_ppc64le.manylinux2014_ppc64le.whl", hash = "sha256:9e41506fec7a7f9405b14aa2d5c8abbb4dbbd09d88f9496958b6d00cb4d45330"},
    {file = "lxml-5.3.0-cp310-cp310-manylinux_2_17_s390x.manylinux2014_s390x.whl", hash = "sha256:f7d4a670107d75dfe5ad080bed6c341d18c4442f9378c9f58e5851e86eb79965"},
    {file = "lxml-5.3.0-cp310-cp310-manylinux_2_17_x86_64.manylinux2014_x86_64.whl", hash = "sha256:41ce1f1e2c7755abfc7e759dc34d7d05fd221723ff822947132dc934d122fe22"},
    {file = "lxml-5.3.0-cp310-cp310-manylinux_2_28_aarch64.whl", hash = "sha256:44264ecae91b30e5633013fb66f6ddd05c006d3e0e884f75ce0b4755b3e3847b"},
    {file = "lxml-5.3.0-cp310-cp310-manylinux_2_28_ppc64le.whl", hash = "sha256:3c174dc350d3ec52deb77f2faf05c439331d6ed5e702fc247ccb4e6b62d884b7"},
    {file = "lxml-5.3.0-cp310-cp310-manylinux_2_28_s390x.whl", hash = "sha256:2dfab5fa6a28a0b60a20638dc48e6343c02ea9933e3279ccb132f555a62323d8"},
    {file = "lxml-5.3.0-cp310-cp310-manylinux_2_28_x86_64.whl", hash = "sha256:b1c8c20847b9f34e98080da785bb2336ea982e7f913eed5809e5a3c872900f32"},
    {file = "lxml-5.3.0-cp310-cp310-musllinux_1_2_aarch64.whl", hash = "sha256:2c86bf781b12ba417f64f3422cfc302523ac9cd1d8ae8c0f92a1c66e56ef2e86"},
    {file = "lxml-5.3.0-cp310-cp310-musllinux_1_2_ppc64le.whl", hash = "sha256:c162b216070f280fa7da844531169be0baf9ccb17263cf5a8bf876fcd3117fa5"},
    {file = "lxml-5.3.0-cp310-cp310-musllinux_1_2_s390x.whl", hash = "sha256:36aef61a1678cb778097b4a6eeae96a69875d51d1e8f4d4b491ab3cfb54b5a03"},
    {file = "lxml-5.3.0-cp310-cp310-musllinux_1_2_x86_64.whl", hash = "sha256:f65e5120863c2b266dbcc927b306c5b78e502c71edf3295dfcb9501ec96e5fc7"},
    {file = "lxml-5.3.0-cp310-cp310-win32.whl", hash = "sha256:ef0c1fe22171dd7c7c27147f2e9c3e86f8bdf473fed75f16b0c2e84a5030ce80"},
    {file = "lxml-5.3.0-cp310-cp310-win_amd64.whl", hash = "sha256:052d99051e77a4f3e8482c65014cf6372e61b0a6f4fe9edb98503bb5364cfee3"},
    {file = "lxml-5.3.0-cp311-cp311-macosx_10_9_universal2.whl", hash = "sha256:74bcb423462233bc5d6066e4e98b0264e7c1bed7541fff2f4e34fe6b21563c8b"},
    {file = "lxml-5.3.0-cp311-cp311-macosx_10_9_x86_64.whl", hash = "sha256:a3d819eb6f9b8677f57f9664265d0a10dd6551d227afb4af2b9cd7bdc2ccbf18"},
    {file = "lxml-5.3.0-cp311-cp311-manylinux_2_12_i686.manylinux2010_i686.manylinux_2_17_i686.manylinux2014_i686.whl", hash = "sha256:5b8f5db71b28b8c404956ddf79575ea77aa8b1538e8b2ef9ec877945b3f46442"},
    {file = "lxml-5.3.0-cp311-cp311-manylinux_2_17_aarch64.manylinux2014_aarch64.whl", hash = "sha256:2c3406b63232fc7e9b8783ab0b765d7c59e7c59ff96759d8ef9632fca27c7ee4"},
    {file = "lxml-5.3.0-cp311-cp311-manylinux_2_17_ppc64le.manylinux2014_ppc64le.whl", hash = "sha256:2ecdd78ab768f844c7a1d4a03595038c166b609f6395e25af9b0f3f26ae1230f"},
    {file = "lxml-5.3.0-cp311-cp311-manylinux_2_17_s390x.manylinux2014_s390x.whl", hash = "sha256:168f2dfcfdedf611eb285efac1516c8454c8c99caf271dccda8943576b67552e"},
    {file = "lxml-5.3.0-cp311-cp311-manylinux_2_17_x86_64.manylinux2014_x86_64.whl", hash = "sha256:aa617107a410245b8660028a7483b68e7914304a6d4882b5ff3d2d3eb5948d8c"},
    {file = "lxml-5.3.0-cp311-cp311-manylinux_2_28_aarch64.whl", hash = "sha256:69959bd3167b993e6e710b99051265654133a98f20cec1d9b493b931942e9c16"},
    {file = "lxml-5.3.0-cp311-cp311-manylinux_2_28_ppc64le.whl", hash = "sha256:bd96517ef76c8654446fc3db9242d019a1bb5fe8b751ba414765d59f99210b79"},
    {file = "lxml-5.3.0-cp311-cp311-manylinux_2_28_s390x.whl", hash = "sha256:ab6dd83b970dc97c2d10bc71aa925b84788c7c05de30241b9e96f9b6d9ea3080"},
    {file = "lxml-5.3.0-cp311-cp311-manylinux_2_28_x86_64.whl", hash = "sha256:eec1bb8cdbba2925bedc887bc0609a80e599c75b12d87ae42ac23fd199445654"},
    {file = "lxml-5.3.0-cp311-cp311-musllinux_1_2_aarch64.whl", hash = "sha256:6a7095eeec6f89111d03dabfe5883a1fd54da319c94e0fb104ee8f23616b572d"},
    {file = "lxml-5.3.0-cp311-cp311-musllinux_1_2_ppc64le.whl", hash = "sha256:6f651ebd0b21ec65dfca93aa629610a0dbc13dbc13554f19b0113da2e61a4763"},
    {file = "lxml-5.3.0-cp311-cp311-musllinux_1_2_s390x.whl", hash = "sha256:f422a209d2455c56849442ae42f25dbaaba1c6c3f501d58761c619c7836642ec"},
    {file = "lxml-5.3.0-cp311-cp311-musllinux_1_2_x86_64.whl", hash = "sha256:62f7fdb0d1ed2065451f086519865b4c90aa19aed51081979ecd05a21eb4d1be"},
    {file = "lxml-5.3.0-cp311-cp311-win32.whl", hash = "sha256:c6379f35350b655fd817cd0d6cbeef7f265f3ae5fedb1caae2eb442bbeae9ab9"},
    {file = "lxml-5.3.0-cp311-cp311-win_amd64.whl", hash = "sha256:9c52100e2c2dbb0649b90467935c4b0de5528833c76a35ea1a2691ec9f1ee7a1"},
    {file = "lxml-5.3.0-cp312-cp312-macosx_10_9_universal2.whl", hash = "sha256:e99f5507401436fdcc85036a2e7dc2e28d962550afe1cbfc07c40e454256a859"},
    {file = "lxml-5.3.0-cp312-cp312-macosx_10_9_x86_64.whl", hash = "sha256:384aacddf2e5813a36495233b64cb96b1949da72bef933918ba5c84e06af8f0e"},
    {file = "lxml-5.3.0-cp312-cp312-manylinux_2_12_i686.manylinux2010_i686.manylinux_2_17_i686.manylinux2014_i686.whl", hash = "sha256:874a216bf6afaf97c263b56371434e47e2c652d215788396f60477540298218f"},
    {file = "lxml-5.3.0-cp312-cp312-manylinux_2_17_aarch64.manylinux2014_aarch64.whl", hash = "sha256:65ab5685d56914b9a2a34d67dd5488b83213d680b0c5d10b47f81da5a16b0b0e"},
    {file = "lxml-5.3.0-cp312-cp312-manylinux_2_17_ppc64le.manylinux2014_ppc64le.whl", hash = "sha256:aac0bbd3e8dd2d9c45ceb82249e8bdd3ac99131a32b4d35c8af3cc9db1657179"},
    {file = "lxml-5.3.0-cp312-cp312-manylinux_2_17_s390x.manylinux2014_s390x.whl", hash = "sha256:b369d3db3c22ed14c75ccd5af429086f166a19627e84a8fdade3f8f31426e52a"},
    {file = "lxml-5.3.0-cp312-cp312-manylinux_2_17_x86_64.manylinux2014_x86_64.whl", hash = "sha256:c24037349665434f375645fa9d1f5304800cec574d0310f618490c871fd902b3"},
    {file = "lxml-5.3.0-cp312-cp312-manylinux_2_28_aarch64.whl", hash = "sha256:62d172f358f33a26d6b41b28c170c63886742f5b6772a42b59b4f0fa10526cb1"},
    {file = "lxml-5.3.0-cp312-cp312-manylinux_2_28_ppc64le.whl", hash = "sha256:c1f794c02903c2824fccce5b20c339a1a14b114e83b306ff11b597c5f71a1c8d"},
    {file = "lxml-5.3.0-cp312-cp312-manylinux_2_28_s390x.whl", hash = "sha256:5d6a6972b93c426ace71e0be9a6f4b2cfae9b1baed2eed2006076a746692288c"},
    {file = "lxml-5.3.0-cp312-cp312-manylinux_2_28_x86_64.whl", hash = "sha256:3879cc6ce938ff4eb4900d901ed63555c778731a96365e53fadb36437a131a99"},
    {file = "lxml-5.3.0-cp312-cp312-musllinux_1_2_aarch64.whl", hash = "sha256:74068c601baff6ff021c70f0935b0c7bc528baa8ea210c202e03757c68c5a4ff"},
    {file = "lxml-5.3.0-cp312-cp312-musllinux_1_2_ppc64le.whl", hash = "sha256:ecd4ad8453ac17bc7ba3868371bffb46f628161ad0eefbd0a855d2c8c32dd81a"},
    {file = "lxml-5.3.0-cp312-cp312-musllinux_1_2_s390x.whl", hash = "sha256:7e2f58095acc211eb9d8b5771bf04df9ff37d6b87618d1cbf85f92399c98dae8"},
    {file = "lxml-5.3.0-cp312-cp312-musllinux_1_2_x86_64.whl", hash = "sha256:e63601ad5cd8f860aa99d109889b5ac34de571c7ee902d6812d5d9ddcc77fa7d"},
    {file = "lxml-5.3.0-cp312-cp312-win32.whl", hash = "sha256:17e8d968d04a37c50ad9c456a286b525d78c4a1c15dd53aa46c1d8e06bf6fa30"},
    {file = "lxml-5.3.0-cp312-cp312-win_amd64.whl", hash = "sha256:c1a69e58a6bb2de65902051d57fde951febad631a20a64572677a1052690482f"},
    {file = "lxml-5.3.0-cp313-cp313-macosx_10_13_universal2.whl", hash = "sha256:8c72e9563347c7395910de6a3100a4840a75a6f60e05af5e58566868d5eb2d6a"},
    {file = "lxml-5.3.0-cp313-cp313-macosx_10_13_x86_64.whl", hash = "sha256:e92ce66cd919d18d14b3856906a61d3f6b6a8500e0794142338da644260595cd"},
    {file = "lxml-5.3.0-cp313-cp313-manylinux_2_12_i686.manylinux2010_i686.manylinux_2_17_i686.manylinux2014_i686.whl", hash = "sha256:1d04f064bebdfef9240478f7a779e8c5dc32b8b7b0b2fc6a62e39b928d428e51"},
    {file = "lxml-5.3.0-cp313-cp313-manylinux_2_17_aarch64.manylinux2014_aarch64.whl", hash = "sha256:5c2fb570d7823c2bbaf8b419ba6e5662137f8166e364a8b2b91051a1fb40ab8b"},
    {file = "lxml-5.3.0-cp313-cp313-manylinux_2_17_ppc64le.manylinux2014_ppc64le.whl", hash = "sha256:0c120f43553ec759f8de1fee2f4794452b0946773299d44c36bfe18e83caf002"},
    {file = "lxml-5.3.0-cp313-cp313-manylinux_2_17_s390x.manylinux2014_s390x.whl", hash = "sha256:562e7494778a69086f0312ec9689f6b6ac1c6b65670ed7d0267e49f57ffa08c4"},
    {file = "lxml-5.3.0-cp313-cp313-manylinux_2_17_x86_64.manylinux2014_x86_64.whl", hash = "sha256:423b121f7e6fa514ba0c7918e56955a1d4470ed35faa03e3d9f0e3baa4c7e492"},
    {file = "lxml-5.3.0-cp313-cp313-manylinux_2_28_aarch64.whl", hash = "sha256:c00f323cc00576df6165cc9d21a4c21285fa6b9989c5c39830c3903dc4303ef3"},
    {file = "lxml-5.3.0-cp313-cp313-manylinux_2_28_ppc64le.whl", hash = "sha256:1fdc9fae8dd4c763e8a31e7630afef517eab9f5d5d31a278df087f307bf601f4"},
    {file = "lxml-5.3.0-cp313-cp313-manylinux_2_28_s390x.whl", hash = "sha256:658f2aa69d31e09699705949b5fc4719cbecbd4a97f9656a232e7d6c7be1a367"},
    {file = "lxml-5.3.0-cp313-cp313-manylinux_2_28_x86_64.whl", hash = "sha256:1473427aff3d66a3fa2199004c3e601e6c4500ab86696edffdbc84954c72d832"},
    {file = "lxml-5.3.0-cp313-cp313-musllinux_1_2_aarch64.whl", hash = "sha256:a87de7dd873bf9a792bf1e58b1c3887b9264036629a5bf2d2e6579fe8e73edff"},
    {file = "lxml-5.3.0-cp313-cp313-musllinux_1_2_ppc64le.whl", hash = "sha256:0d7b36afa46c97875303a94e8f3ad932bf78bace9e18e603f2085b652422edcd"},
    {file = "lxml-5.3.0-cp313-cp313-musllinux_1_2_s390x.whl", hash = "sha256:cf120cce539453ae086eacc0130a324e7026113510efa83ab42ef3fcfccac7fb"},
    {file = "lxml-5.3.0-cp313-cp313-musllinux_1_2_x86_64.whl", hash = "sha256:df5c7333167b9674aa8ae1d4008fa4bc17a313cc490b2cca27838bbdcc6bb15b"},
    {file = "lxml-5.3.0-cp313-cp313-win32.whl", hash = "sha256:c802e1c2ed9f0c06a65bc4ed0189d000ada8049312cfeab6ca635e39c9608957"},
    {file = "lxml-5.3.0-cp313-cp313-win_amd64.whl", hash = "sha256:406246b96d552e0503e17a1006fd27edac678b3fcc9f1be71a2f94b4ff61528d"},
    {file = "lxml-5.3.0-cp36-cp36m-macosx_10_9_x86_64.whl", hash = "sha256:8f0de2d390af441fe8b2c12626d103540b5d850d585b18fcada58d972b74a74e"},
    {file = "lxml-5.3.0-cp36-cp36m-manylinux_2_12_i686.manylinux2010_i686.manylinux_2_17_i686.manylinux2014_i686.whl", hash = "sha256:1afe0a8c353746e610bd9031a630a95bcfb1a720684c3f2b36c4710a0a96528f"},
    {file = "lxml-5.3.0-cp36-cp36m-manylinux_2_17_x86_64.manylinux2014_x86_64.whl", hash = "sha256:56b9861a71575f5795bde89256e7467ece3d339c9b43141dbdd54544566b3b94"},
    {file = "lxml-5.3.0-cp36-cp36m-manylinux_2_28_x86_64.whl", hash = "sha256:9fb81d2824dff4f2e297a276297e9031f46d2682cafc484f49de182aa5e5df99"},
    {file = "lxml-5.3.0-cp36-cp36m-manylinux_2_5_x86_64.manylinux1_x86_64.whl", hash = "sha256:2c226a06ecb8cdef28845ae976da407917542c5e6e75dcac7cc33eb04aaeb237"},
    {file = "lxml-5.3.0-cp36-cp36m-musllinux_1_2_x86_64.whl", hash = "sha256:7d3d1ca42870cdb6d0d29939630dbe48fa511c203724820fc0fd507b2fb46577"},
    {file = "lxml-5.3.0-cp36-cp36m-win32.whl", hash = "sha256:094cb601ba9f55296774c2d57ad68730daa0b13dc260e1f941b4d13678239e70"},
    {file = "lxml-5.3.0-cp36-cp36m-win_amd64.whl", hash = "sha256:eafa2c8658f4e560b098fe9fc54539f86528651f61849b22111a9b107d18910c"},
    {file = "lxml-5.3.0-cp37-cp37m-macosx_10_9_x86_64.whl", hash = "sha256:cb83f8a875b3d9b458cada4f880fa498646874ba4011dc974e071a0a84a1b033"},
    {file = "lxml-5.3.0-cp37-cp37m-manylinux_2_12_i686.manylinux2010_i686.manylinux_2_17_i686.manylinux2014_i686.whl", hash = "sha256:25f1b69d41656b05885aa185f5fdf822cb01a586d1b32739633679699f220391"},
    {file = "lxml-5.3.0-cp37-cp37m-manylinux_2_17_aarch64.manylinux2014_aarch64.whl", hash = "sha256:23e0553b8055600b3bf4a00b255ec5c92e1e4aebf8c2c09334f8368e8bd174d6"},
    {file = "lxml-5.3.0-cp37-cp37m-manylinux_2_17_x86_64.manylinux2014_x86_64.whl", hash = "sha256:9ada35dd21dc6c039259596b358caab6b13f4db4d4a7f8665764d616daf9cc1d"},
    {file = "lxml-5.3.0-cp37-cp37m-manylinux_2_28_aarch64.whl", hash = "sha256:81b4e48da4c69313192d8c8d4311e5d818b8be1afe68ee20f6385d0e96fc9512"},
    {file = "lxml-5.3.0-cp37-cp37m-manylinux_2_28_x86_64.whl", hash = "sha256:2bc9fd5ca4729af796f9f59cd8ff160fe06a474da40aca03fcc79655ddee1a8b"},
    {file = "lxml-5.3.0-cp37-cp37m-musllinux_1_2_aarch64.whl", hash = "sha256:07da23d7ee08577760f0a71d67a861019103e4812c87e2fab26b039054594cc5"},
    {file = "lxml-5.3.0-cp37-cp37m-musllinux_1_2_x86_64.whl", hash = "sha256:ea2e2f6f801696ad7de8aec061044d6c8c0dd4037608c7cab38a9a4d316bfb11"},
    {file = "lxml-5.3.0-cp37-cp37m-win32.whl", hash = "sha256:5c54afdcbb0182d06836cc3d1be921e540be3ebdf8b8a51ee3ef987537455f84"},
    {file = "lxml-5.3.0-cp37-cp37m-win_amd64.whl", hash = "sha256:f2901429da1e645ce548bf9171784c0f74f0718c3f6150ce166be39e4dd66c3e"},
    {file = "lxml-5.3.0-cp38-cp38-macosx_10_9_x86_64.whl", hash = "sha256:c56a1d43b2f9ee4786e4658c7903f05da35b923fb53c11025712562d5cc02753"},
    {file = "lxml-5.3.0-cp38-cp38-manylinux_2_12_i686.manylinux2010_i686.manylinux_2_17_i686.manylinux2014_i686.whl", hash = "sha256:6ee8c39582d2652dcd516d1b879451500f8db3fe3607ce45d7c5957ab2596040"},
    {file = "lxml-5.3.0-cp38-cp38-manylinux_2_17_aarch64.manylinux2014_aarch64.whl", hash = "sha256:0fdf3a3059611f7585a78ee10399a15566356116a4288380921a4b598d807a22"},
    {file = "lxml-5.3.0-cp38-cp38-manylinux_2_17_x86_64.manylinux2014_x86_64.whl", hash = "sha256:146173654d79eb1fc97498b4280c1d3e1e5d58c398fa530905c9ea50ea849b22"},
    {file = "lxml-5.3.0-cp38-cp38-manylinux_2_28_aarch64.whl", hash = "sha256:0a7056921edbdd7560746f4221dca89bb7a3fe457d3d74267995253f46343f15"},
    {file = "lxml-5.3.0-cp38-cp38-manylinux_2_28_x86_64.whl", hash = "sha256:9e4b47ac0f5e749cfc618efdf4726269441014ae1d5583e047b452a32e221920"},
    {file = "lxml-5.3.0-cp38-cp38-musllinux_1_2_aarch64.whl", hash = "sha256:f914c03e6a31deb632e2daa881fe198461f4d06e57ac3d0e05bbcab8eae01945"},
    {file = "lxml-5.3.0-cp38-cp38-musllinux_1_2_x86_64.whl", hash = "sha256:213261f168c5e1d9b7535a67e68b1f59f92398dd17a56d934550837143f79c42"},
    {file = "lxml-5.3.0-cp38-cp38-win32.whl", hash = "sha256:218c1b2e17a710e363855594230f44060e2025b05c80d1f0661258142b2add2e"},
    {file = "lxml-5.3.0-cp38-cp38-win_amd64.whl", hash = "sha256:315f9542011b2c4e1d280e4a20ddcca1761993dda3afc7a73b01235f8641e903"},
    {file = "lxml-5.3.0-cp39-cp39-macosx_10_9_universal2.whl", hash = "sha256:1ffc23010330c2ab67fac02781df60998ca8fe759e8efde6f8b756a20599c5de"},
    {file = "lxml-5.3.0-cp39-cp39-macosx_10_9_x86_64.whl", hash = "sha256:2b3778cb38212f52fac9fe913017deea2fdf4eb1a4f8e4cfc6b009a13a6d3fcc"},
    {file = "lxml-5.3.0-cp39-cp39-manylinux_2_12_i686.manylinux2010_i686.manylinux_2_17_i686.manylinux2014_i686.whl", hash = "sha256:4b0c7a688944891086ba192e21c5229dea54382f4836a209ff8d0a660fac06be"},
    {file = "lxml-5.3.0-cp39-cp39-manylinux_2_17_aarch64.manylinux2014_aarch64.whl", hash = "sha256:747a3d3e98e24597981ca0be0fd922aebd471fa99d0043a3842d00cdcad7ad6a"},
    {file = "lxml-5.3.0-cp39-cp39-manylinux_2_17_ppc64le.manylinux2014_ppc64le.whl", hash = "sha256:86a6b24b19eaebc448dc56b87c4865527855145d851f9fc3891673ff97950540"},
    {file = "lxml-5.3.0-cp39-cp39-manylinux_2_17_s390x.manylinux2014_s390x.whl", hash = "sha256:b11a5d918a6216e521c715b02749240fb07ae5a1fefd4b7bf12f833bc8b4fe70"},
    {file = "lxml-5.3.0-cp39-cp39-manylinux_2_17_x86_64.manylinux2014_x86_64.whl", hash = "sha256:68b87753c784d6acb8a25b05cb526c3406913c9d988d51f80adecc2b0775d6aa"},
    {file = "lxml-5.3.0-cp39-cp39-manylinux_2_28_aarch64.whl", hash = "sha256:109fa6fede314cc50eed29e6e56c540075e63d922455346f11e4d7a036d2b8cf"},
    {file = "lxml-5.3.0-cp39-cp39-manylinux_2_28_ppc64le.whl", hash = "sha256:02ced472497b8362c8e902ade23e3300479f4f43e45f4105c85ef43b8db85229"},
    {file = "lxml-5.3.0-cp39-cp39-manylinux_2_28_s390x.whl", hash = "sha256:6b038cc86b285e4f9fea2ba5ee76e89f21ed1ea898e287dc277a25884f3a7dfe"},
    {file = "lxml-5.3.0-cp39-cp39-manylinux_2_28_x86_64.whl", hash = "sha256:7437237c6a66b7ca341e868cda48be24b8701862757426852c9b3186de1da8a2"},
    {file = "lxml-5.3.0-cp39-cp39-musllinux_1_2_aarch64.whl", hash = "sha256:7f41026c1d64043a36fda21d64c5026762d53a77043e73e94b71f0521939cc71"},
    {file = "lxml-5.3.0-cp39-cp39-musllinux_1_2_ppc64le.whl", hash = "sha256:482c2f67761868f0108b1743098640fbb2a28a8e15bf3f47ada9fa59d9fe08c3"},
    {file = "lxml-5.3.0-cp39-cp39-musllinux_1_2_s390x.whl", hash = "sha256:1483fd3358963cc5c1c9b122c80606a3a79ee0875bcac0204149fa09d6ff2727"},
    {file = "lxml-5.3.0-cp39-cp39-musllinux_1_2_x86_64.whl", hash = "sha256:2dec2d1130a9cda5b904696cec33b2cfb451304ba9081eeda7f90f724097300a"},
    {file = "lxml-5.3.0-cp39-cp39-win32.whl", hash = "sha256:a0eabd0a81625049c5df745209dc7fcef6e2aea7793e5f003ba363610aa0a3ff"},
    {file = "lxml-5.3.0-cp39-cp39-win_amd64.whl", hash = "sha256:89e043f1d9d341c52bf2af6d02e6adde62e0a46e6755d5eb60dc6e4f0b8aeca2"},
    {file = "lxml-5.3.0-pp310-pypy310_pp73-macosx_10_15_x86_64.whl", hash = "sha256:7b1cd427cb0d5f7393c31b7496419da594fe600e6fdc4b105a54f82405e6626c"},
    {file = "lxml-5.3.0-pp310-pypy310_pp73-manylinux_2_17_aarch64.manylinux2014_aarch64.whl", hash = "sha256:51806cfe0279e06ed8500ce19479d757db42a30fd509940b1701be9c86a5ff9a"},
    {file = "lxml-5.3.0-pp310-pypy310_pp73-manylinux_2_17_x86_64.manylinux2014_x86_64.whl", hash = "sha256:ee70d08fd60c9565ba8190f41a46a54096afa0eeb8f76bd66f2c25d3b1b83005"},
    {file = "lxml-5.3.0-pp310-pypy310_pp73-manylinux_2_28_aarch64.whl", hash = "sha256:8dc2c0395bea8254d8daebc76dcf8eb3a95ec2a46fa6fae5eaccee366bfe02ce"},
    {file = "lxml-5.3.0-pp310-pypy310_pp73-manylinux_2_28_x86_64.whl", hash = "sha256:6ba0d3dcac281aad8a0e5b14c7ed6f9fa89c8612b47939fc94f80b16e2e9bc83"},
    {file = "lxml-5.3.0-pp310-pypy310_pp73-win_amd64.whl", hash = "sha256:6e91cf736959057f7aac7adfc83481e03615a8e8dd5758aa1d95ea69e8931dba"},
    {file = "lxml-5.3.0-pp37-pypy37_pp73-macosx_10_9_x86_64.whl", hash = "sha256:94d6c3782907b5e40e21cadf94b13b0842ac421192f26b84c45f13f3c9d5dc27"},
    {file = "lxml-5.3.0-pp37-pypy37_pp73-manylinux_2_17_aarch64.manylinux2014_aarch64.whl", hash = "sha256:c300306673aa0f3ed5ed9372b21867690a17dba38c68c44b287437c362ce486b"},
    {file = "lxml-5.3.0-pp37-pypy37_pp73-manylinux_2_17_x86_64.manylinux2014_x86_64.whl", hash = "sha256:78d9b952e07aed35fe2e1a7ad26e929595412db48535921c5013edc8aa4a35ce"},
    {file = "lxml-5.3.0-pp37-pypy37_pp73-manylinux_2_28_aarch64.whl", hash = "sha256:01220dca0d066d1349bd6a1726856a78f7929f3878f7e2ee83c296c69495309e"},
    {file = "lxml-5.3.0-pp37-pypy37_pp73-manylinux_2_28_x86_64.whl", hash = "sha256:2d9b8d9177afaef80c53c0a9e30fa252ff3036fb1c6494d427c066a4ce6a282f"},
    {file = "lxml-5.3.0-pp37-pypy37_pp73-win_amd64.whl", hash = "sha256:20094fc3f21ea0a8669dc4c61ed7fa8263bd37d97d93b90f28fc613371e7a875"},
    {file = "lxml-5.3.0-pp38-pypy38_pp73-macosx_10_9_x86_64.whl", hash = "sha256:ace2c2326a319a0bb8a8b0e5b570c764962e95818de9f259ce814ee666603f19"},
    {file = "lxml-5.3.0-pp38-pypy38_pp73-manylinux_2_17_aarch64.manylinux2014_aarch64.whl", hash = "sha256:92e67a0be1639c251d21e35fe74df6bcc40cba445c2cda7c4a967656733249e2"},
    {file = "lxml-5.3.0-pp38-pypy38_pp73-manylinux_2_17_x86_64.manylinux2014_x86_64.whl", hash = "sha256:dd5350b55f9fecddc51385463a4f67a5da829bc741e38cf689f38ec9023f54ab"},
    {file = "lxml-5.3.0-pp38-pypy38_pp73-manylinux_2_28_aarch64.whl", hash = "sha256:4c1fefd7e3d00921c44dc9ca80a775af49698bbfd92ea84498e56acffd4c5469"},
    {file = "lxml-5.3.0-pp38-pypy38_pp73-manylinux_2_28_x86_64.whl", hash = "sha256:71a8dd38fbd2f2319136d4ae855a7078c69c9a38ae06e0c17c73fd70fc6caad8"},
    {file = "lxml-5.3.0-pp38-pypy38_pp73-win_amd64.whl", hash = "sha256:97acf1e1fd66ab53dacd2c35b319d7e548380c2e9e8c54525c6e76d21b1ae3b1"},
    {file = "lxml-5.3.0-pp39-pypy39_pp73-macosx_10_15_x86_64.whl", hash = "sha256:68934b242c51eb02907c5b81d138cb977b2129a0a75a8f8b60b01cb8586c7b21"},
    {file = "lxml-5.3.0-pp39-pypy39_pp73-manylinux_2_17_aarch64.manylinux2014_aarch64.whl", hash = "sha256:b710bc2b8292966b23a6a0121f7a6c51d45d2347edcc75f016ac123b8054d3f2"},
    {file = "lxml-5.3.0-pp39-pypy39_pp73-manylinux_2_17_x86_64.manylinux2014_x86_64.whl", hash = "sha256:18feb4b93302091b1541221196a2155aa296c363fd233814fa11e181adebc52f"},
    {file = "lxml-5.3.0-pp39-pypy39_pp73-manylinux_2_28_aarch64.whl", hash = "sha256:3eb44520c4724c2e1a57c0af33a379eee41792595023f367ba3952a2d96c2aab"},
    {file = "lxml-5.3.0-pp39-pypy39_pp73-manylinux_2_28_x86_64.whl", hash = "sha256:609251a0ca4770e5a8768ff902aa02bf636339c5a93f9349b48eb1f606f7f3e9"},
    {file = "lxml-5.3.0-pp39-pypy39_pp73-win_amd64.whl", hash = "sha256:516f491c834eb320d6c843156440fe7fc0d50b33e44387fcec5b02f0bc118a4c"},
    {file = "lxml-5.3.0.tar.gz", hash = "sha256:4e109ca30d1edec1ac60cdbe341905dc3b8f55b16855e03a54aaf59e51ec8c6f"},
]

[package.extras]
cssselect = ["cssselect (>=0.7)"]
html-clean = ["lxml-html-clean"]
html5 = ["html5lib"]
htmlsoup = ["BeautifulSoup4"]
source = ["Cython (>=3.0.11)"]

[[package]]
name = "nltk"
version = "3.9.1"
description = "Natural Language Toolkit"
optional = false
python-versions = ">=3.8"
files = [
    {file = "nltk-3.9.1-py3-none-any.whl", hash = "sha256:4fa26829c5b00715afe3061398a8989dc643b92ce7dd93fb4585a70930d168a1"},
    {file = "nltk-3.9.1.tar.gz", hash = "sha256:87d127bd3de4bd89a4f81265e5fa59cb1b199b27440175370f7417d2bc7ae868"},
]

[package.dependencies]
click = "*"
joblib = "*"
regex = ">=2021.8.3"
tqdm = "*"

[package.extras]
all = ["matplotlib", "numpy", "pyparsing", "python-crfsuite", "requests", "scikit-learn", "scipy", "twython"]
corenlp = ["requests"]
machine-learning = ["numpy", "python-crfsuite", "scikit-learn", "scipy"]
plot = ["matplotlib"]
tgrep = ["pyparsing"]
twitter = ["twython"]

[[package]]
name = "regex"
version = "2024.11.6"
description = "Alternative regular expression module, to replace re."
optional = false
python-versions = ">=3.8"
files = [
    {file = "regex-2024.11.6-cp310-cp310-macosx_10_9_universal2.whl", hash = "sha256:ff590880083d60acc0433f9c3f713c51f7ac6ebb9adf889c79a261ecf541aa91"},
    {file = "regex-2024.11.6-cp310-cp310-macosx_10_9_x86_64.whl", hash = "sha256:658f90550f38270639e83ce492f27d2c8d2cd63805c65a13a14d36ca126753f0"},
    {file = "regex-2024.11.6-cp310-cp310-macosx_11_0_arm64.whl", hash = "sha256:164d8b7b3b4bcb2068b97428060b2a53be050085ef94eca7f240e7947f1b080e"},
    {file = "regex-2024.11.6-cp310-cp310-manylinux_2_17_aarch64.manylinux2014_aarch64.whl", hash = "sha256:d3660c82f209655a06b587d55e723f0b813d3a7db2e32e5e7dc64ac2a9e86fde"},
    {file = "regex-2024.11.6-cp310-cp310-manylinux_2_17_ppc64le.manylinux2014_ppc64le.whl", hash = "sha256:d22326fcdef5e08c154280b71163ced384b428343ae16a5ab2b3354aed12436e"},
    {file = "regex-2024.11.6-cp310-cp310-manylinux_2_17_s390x.manylinux2014_s390x.whl", hash = "sha256:f1ac758ef6aebfc8943560194e9fd0fa18bcb34d89fd8bd2af18183afd8da3a2"},
    {file = "regex-2024.11.6-cp310-cp310-manylinux_2_17_x86_64.manylinux2014_x86_64.whl", hash = "sha256:997d6a487ff00807ba810e0f8332c18b4eb8d29463cfb7c820dc4b6e7562d0cf"},
    {file = "regex-2024.11.6-cp310-cp310-manylinux_2_5_i686.manylinux1_i686.manylinux_2_17_i686.manylinux2014_i686.whl", hash = "sha256:02a02d2bb04fec86ad61f3ea7f49c015a0681bf76abb9857f945d26159d2968c"},
    {file = "regex-2024.11.6-cp310-cp310-manylinux_2_5_x86_64.manylinux1_x86_64.manylinux_2_12_x86_64.manylinux2010_x86_64.whl", hash = "sha256:f02f93b92358ee3f78660e43b4b0091229260c5d5c408d17d60bf26b6c900e86"},
    {file = "regex-2024.11.6-cp310-cp310-musllinux_1_2_aarch64.whl", hash = "sha256:06eb1be98df10e81ebaded73fcd51989dcf534e3c753466e4b60c4697a003b67"},
    {file = "regex-2024.11.6-cp310-cp310-musllinux_1_2_i686.whl", hash = "sha256:040df6fe1a5504eb0f04f048e6d09cd7c7110fef851d7c567a6b6e09942feb7d"},
    {file = "regex-2024.11.6-cp310-cp310-musllinux_1_2_ppc64le.whl", hash = "sha256:fdabbfc59f2c6edba2a6622c647b716e34e8e3867e0ab975412c5c2f79b82da2"},
    {file = "regex-2024.11.6-cp310-cp310-musllinux_1_2_s390x.whl", hash = "sha256:8447d2d39b5abe381419319f942de20b7ecd60ce86f16a23b0698f22e1b70008"},
    {file = "regex-2024.11.6-cp310-cp310-musllinux_1_2_x86_64.whl", hash = "sha256:da8f5fc57d1933de22a9e23eec290a0d8a5927a5370d24bda9a6abe50683fe62"},
    {file = "regex-2024.11.6-cp310-cp310-win32.whl", hash = "sha256:b489578720afb782f6ccf2840920f3a32e31ba28a4b162e13900c3e6bd3f930e"},
    {file = "regex-2024.11.6-cp310-cp310-win_amd64.whl", hash = "sha256:5071b2093e793357c9d8b2929dfc13ac5f0a6c650559503bb81189d0a3814519"},
    {file = "regex-2024.11.6-cp311-cp311-macosx_10_9_universal2.whl", hash = "sha256:5478c6962ad548b54a591778e93cd7c456a7a29f8eca9c49e4f9a806dcc5d638"},
    {file = "regex-2024.11.6-cp311-cp311-macosx_10_9_x86_64.whl", hash = "sha256:2c89a8cc122b25ce6945f0423dc1352cb9593c68abd19223eebbd4e56612c5b7"},
    {file = "regex-2024.11.6-cp311-cp311-macosx_11_0_arm64.whl", hash = "sha256:94d87b689cdd831934fa3ce16cc15cd65748e6d689f5d2b8f4f4df2065c9fa20"},
    {file = "regex-2024.11.6-cp311-cp311-manylinux_2_17_aarch64.manylinux2014_aarch64.whl", hash = "sha256:1062b39a0a2b75a9c694f7a08e7183a80c63c0d62b301418ffd9c35f55aaa114"},
    {file = "regex-2024.11.6-cp311-cp311-manylinux_2_17_ppc64le.manylinux2014_ppc64le.whl", hash = "sha256:167ed4852351d8a750da48712c3930b031f6efdaa0f22fa1933716bfcd6bf4a3"},
    {file = "regex-2024.11.6-cp311-cp311-manylinux_2_17_s390x.manylinux2014_s390x.whl", hash = "sha256:2d548dafee61f06ebdb584080621f3e0c23fff312f0de1afc776e2a2ba99a74f"},
    {file = "regex-2024.11.6-cp311-cp311-manylinux_2_17_x86_64.manylinux2014_x86_64.whl", hash = "sha256:f2a19f302cd1ce5dd01a9099aaa19cae6173306d1302a43b627f62e21cf18ac0"},
    {file = "regex-2024.11.6-cp311-cp311-manylinux_2_5_i686.manylinux1_i686.manylinux_2_17_i686.manylinux2014_i686.whl", hash = "sha256:bec9931dfb61ddd8ef2ebc05646293812cb6b16b60cf7c9511a832b6f1854b55"},
    {file = "regex-2024.11.6-cp311-cp311-musllinux_1_2_aarch64.whl", hash = "sha256:9714398225f299aa85267fd222f7142fcb5c769e73d7733344efc46f2ef5cf89"},
    {file = "regex-2024.11.6-cp311-cp311-musllinux_1_2_i686.whl", hash = "sha256:202eb32e89f60fc147a41e55cb086db2a3f8cb82f9a9a88440dcfc5d37faae8d"},
    {file = "regex-2024.11.6-cp311-cp311-musllinux_1_2_ppc64le.whl", hash = "sha256:4181b814e56078e9b00427ca358ec44333765f5ca1b45597ec7446d3a1ef6e34"},
    {file = "regex-2024.11.6-cp311-cp311-musllinux_1_2_s390x.whl", hash = "sha256:068376da5a7e4da51968ce4c122a7cd31afaaec4fccc7856c92f63876e57b51d"},
    {file = "regex-2024.11.6-cp311-cp311-musllinux_1_2_x86_64.whl", hash = "sha256:ac10f2c4184420d881a3475fb2c6f4d95d53a8d50209a2500723d831036f7c45"},
    {file = "regex-2024.11.6-cp311-cp311-win32.whl", hash = "sha256:c36f9b6f5f8649bb251a5f3f66564438977b7ef8386a52460ae77e6070d309d9"},
    {file = "regex-2024.11.6-cp311-cp311-win_amd64.whl", hash = "sha256:02e28184be537f0e75c1f9b2f8847dc51e08e6e171c6bde130b2687e0c33cf60"},
    {file = "regex-2024.11.6-cp312-cp312-macosx_10_13_universal2.whl", hash = "sha256:52fb28f528778f184f870b7cf8f225f5eef0a8f6e3778529bdd40c7b3920796a"},
    {file = "regex-2024.11.6-cp312-cp312-macosx_10_13_x86_64.whl", hash = "sha256:fdd6028445d2460f33136c55eeb1f601ab06d74cb3347132e1c24250187500d9"},
    {file = "regex-2024.11.6-cp312-cp312-macosx_11_0_arm64.whl", hash = "sha256:805e6b60c54bf766b251e94526ebad60b7de0c70f70a4e6210ee2891acb70bf2"},
    {file = "regex-2024.11.6-cp312-cp312-manylinux_2_17_aarch64.manylinux2014_aarch64.whl", hash = "sha256:b85c2530be953a890eaffde05485238f07029600e8f098cdf1848d414a8b45e4"},
    {file = "regex-2024.11.6-cp312-cp312-manylinux_2_17_ppc64le.manylinux2014_ppc64le.whl", hash = "sha256:bb26437975da7dc36b7efad18aa9dd4ea569d2357ae6b783bf1118dabd9ea577"},
    {file = "regex-2024.11.6-cp312-cp312-manylinux_2_17_s390x.manylinux2014_s390x.whl", hash = "sha256:abfa5080c374a76a251ba60683242bc17eeb2c9818d0d30117b4486be10c59d3"},
    {file = "regex-2024.11.6-cp312-cp312-manylinux_2_17_x86_64.manylinux2014_x86_64.whl", hash = "sha256:70b7fa6606c2881c1db9479b0eaa11ed5dfa11c8d60a474ff0e095099f39d98e"},
    {file = "regex-2024.11.6-cp312-cp312-manylinux_2_5_i686.manylinux1_i686.manylinux_2_17_i686.manylinux2014_i686.whl", hash = "sha256:0c32f75920cf99fe6b6c539c399a4a128452eaf1af27f39bce8909c9a3fd8cbe"},
    {file = "regex-2024.11.6-cp312-cp312-musllinux_1_2_aarch64.whl", hash = "sha256:982e6d21414e78e1f51cf595d7f321dcd14de1f2881c5dc6a6e23bbbbd68435e"},
    {file = "regex-2024.11.6-cp312-cp312-musllinux_1_2_i686.whl", hash = "sha256:a7c2155f790e2fb448faed6dd241386719802296ec588a8b9051c1f5c481bc29"},
    {file = "regex-2024.11.6-cp312-cp312-musllinux_1_2_ppc64le.whl", hash = "sha256:149f5008d286636e48cd0b1dd65018548944e495b0265b45e1bffecce1ef7f39"},
    {file = "regex-2024.11.6-cp312-cp312-musllinux_1_2_s390x.whl", hash = "sha256:e5364a4502efca094731680e80009632ad6624084aff9a23ce8c8c6820de3e51"},
    {file = "regex-2024.11.6-cp312-cp312-musllinux_1_2_x86_64.whl", hash = "sha256:0a86e7eeca091c09e021db8eb72d54751e527fa47b8d5787caf96d9831bd02ad"},
    {file = "regex-2024.11.6-cp312-cp312-win32.whl", hash = "sha256:32f9a4c643baad4efa81d549c2aadefaeba12249b2adc5af541759237eee1c54"},
    {file = "regex-2024.11.6-cp312-cp312-win_amd64.whl", hash = "sha256:a93c194e2df18f7d264092dc8539b8ffb86b45b899ab976aa15d48214138e81b"},
    {file = "regex-2024.11.6-cp313-cp313-macosx_10_13_universal2.whl", hash = "sha256:a6ba92c0bcdf96cbf43a12c717eae4bc98325ca3730f6b130ffa2e3c3c723d84"},
    {file = "regex-2024.11.6-cp313-cp313-macosx_10_13_x86_64.whl", hash = "sha256:525eab0b789891ac3be914d36893bdf972d483fe66551f79d3e27146191a37d4"},
    {file = "regex-2024.11.6-cp313-cp313-macosx_11_0_arm64.whl", hash = "sha256:086a27a0b4ca227941700e0b31425e7a28ef1ae8e5e05a33826e17e47fbfdba0"},
    {file = "regex-2024.11.6-cp313-cp313-manylinux_2_17_aarch64.manylinux2014_aarch64.whl", hash = "sha256:bde01f35767c4a7899b7eb6e823b125a64de314a8ee9791367c9a34d56af18d0"},
    {file = "regex-2024.11.6-cp313-cp313-manylinux_2_17_ppc64le.manylinux2014_ppc64le.whl", hash = "sha256:b583904576650166b3d920d2bcce13971f6f9e9a396c673187f49811b2769dc7"},
    {file = "regex-2024.11.6-cp313-cp313-manylinux_2_17_s390x.manylinux2014_s390x.whl", hash = "sha256:1c4de13f06a0d54fa0d5ab1b7138bfa0d883220965a29616e3ea61b35d5f5fc7"},
    {file = "regex-2024.11.6-cp313-cp313-manylinux_2_17_x86_64.manylinux2014_x86_64.whl", hash = "sha256:3cde6e9f2580eb1665965ce9bf17ff4952f34f5b126beb509fee8f4e994f143c"},
    {file = "regex-2024.11.6-cp313-cp313-manylinux_2_5_i686.manylinux1_i686.manylinux_2_17_i686.manylinux2014_i686.whl", hash = "sha256:0d7f453dca13f40a02b79636a339c5b62b670141e63efd511d3f8f73fba162b3"},
    {file = "regex-2024.11.6-cp313-cp313-musllinux_1_2_aarch64.whl", hash = "sha256:59dfe1ed21aea057a65c6b586afd2a945de04fc7db3de0a6e3ed5397ad491b07"},
    {file = "regex-2024.11.6-cp313-cp313-musllinux_1_2_i686.whl", hash = "sha256:b97c1e0bd37c5cd7902e65f410779d39eeda155800b65fc4d04cc432efa9bc6e"},
    {file = "regex-2024.11.6-cp313-cp313-musllinux_1_2_ppc64le.whl", hash = "sha256:f9d1e379028e0fc2ae3654bac3cbbef81bf3fd571272a42d56c24007979bafb6"},
    {file = "regex-2024.11.6-cp313-cp313-musllinux_1_2_s390x.whl", hash = "sha256:13291b39131e2d002a7940fb176e120bec5145f3aeb7621be6534e46251912c4"},
    {file = "regex-2024.11.6-cp313-cp313-musllinux_1_2_x86_64.whl", hash = "sha256:4f51f88c126370dcec4908576c5a627220da6c09d0bff31cfa89f2523843316d"},
    {file = "regex-2024.11.6-cp313-cp313-win32.whl", hash = "sha256:63b13cfd72e9601125027202cad74995ab26921d8cd935c25f09c630436348ff"},
    {file = "regex-2024.11.6-cp313-cp313-win_amd64.whl", hash = "sha256:2b3361af3198667e99927da8b84c1b010752fa4b1115ee30beaa332cabc3ef1a"},
    {file = "regex-2024.11.6-cp38-cp38-macosx_10_9_universal2.whl", hash = "sha256:3a51ccc315653ba012774efca4f23d1d2a8a8f278a6072e29c7147eee7da446b"},
    {file = "regex-2024.11.6-cp38-cp38-macosx_10_9_x86_64.whl", hash = "sha256:ad182d02e40de7459b73155deb8996bbd8e96852267879396fb274e8700190e3"},
    {file = "regex-2024.11.6-cp38-cp38-macosx_11_0_arm64.whl", hash = "sha256:ba9b72e5643641b7d41fa1f6d5abda2c9a263ae835b917348fc3c928182ad467"},
    {file = "regex-2024.11.6-cp38-cp38-manylinux_2_17_aarch64.manylinux2014_aarch64.whl", hash = "sha256:40291b1b89ca6ad8d3f2b82782cc33807f1406cf68c8d440861da6304d8ffbbd"},
    {file = "regex-2024.11.6-cp38-cp38-manylinux_2_17_ppc64le.manylinux2014_ppc64le.whl", hash = "sha256:cdf58d0e516ee426a48f7b2c03a332a4114420716d55769ff7108c37a09951bf"},
    {file = "regex-2024.11.6-cp38-cp38-manylinux_2_17_s390x.manylinux2014_s390x.whl", hash = "sha256:a36fdf2af13c2b14738f6e973aba563623cb77d753bbbd8d414d18bfaa3105dd"},
    {file = "regex-2024.11.6-cp38-cp38-manylinux_2_17_x86_64.manylinux2014_x86_64.whl", hash = "sha256:d1cee317bfc014c2419a76bcc87f071405e3966da434e03e13beb45f8aced1a6"},
    {file = "regex-2024.11.6-cp38-cp38-manylinux_2_5_i686.manylinux1_i686.manylinux_2_17_i686.manylinux2014_i686.whl", hash = "sha256:50153825ee016b91549962f970d6a4442fa106832e14c918acd1c8e479916c4f"},
    {file = "regex-2024.11.6-cp38-cp38-manylinux_2_5_x86_64.manylinux1_x86_64.manylinux_2_12_x86_64.manylinux2010_x86_64.whl", hash = "sha256:ea1bfda2f7162605f6e8178223576856b3d791109f15ea99a9f95c16a7636fb5"},
    {file = "regex-2024.11.6-cp38-cp38-musllinux_1_2_aarch64.whl", hash = "sha256:df951c5f4a1b1910f1a99ff42c473ff60f8225baa1cdd3539fe2819d9543e9df"},
    {file = "regex-2024.11.6-cp38-cp38-musllinux_1_2_i686.whl", hash = "sha256:072623554418a9911446278f16ecb398fb3b540147a7828c06e2011fa531e773"},
    {file = "regex-2024.11.6-cp38-cp38-musllinux_1_2_ppc64le.whl", hash = "sha256:f654882311409afb1d780b940234208a252322c24a93b442ca714d119e68086c"},
    {file = "regex-2024.11.6-cp38-cp38-musllinux_1_2_s390x.whl", hash = "sha256:89d75e7293d2b3e674db7d4d9b1bee7f8f3d1609428e293771d1a962617150cc"},
    {file = "regex-2024.11.6-cp38-cp38-musllinux_1_2_x86_64.whl", hash = "sha256:f65557897fc977a44ab205ea871b690adaef6b9da6afda4790a2484b04293a5f"},
    {file = "regex-2024.11.6-cp38-cp38-win32.whl", hash = "sha256:6f44ec28b1f858c98d3036ad5d7d0bfc568bdd7a74f9c24e25f41ef1ebfd81a4"},
    {file = "regex-2024.11.6-cp38-cp38-win_amd64.whl", hash = "sha256:bb8f74f2f10dbf13a0be8de623ba4f9491faf58c24064f32b65679b021ed0001"},
    {file = "regex-2024.11.6-cp39-cp39-macosx_10_9_universal2.whl", hash = "sha256:5704e174f8ccab2026bd2f1ab6c510345ae8eac818b613d7d73e785f1310f839"},
    {file = "regex-2024.11.6-cp39-cp39-macosx_10_9_x86_64.whl", hash = "sha256:220902c3c5cc6af55d4fe19ead504de80eb91f786dc102fbd74894b1551f095e"},
    {file = "regex-2024.11.6-cp39-cp39-macosx_11_0_arm64.whl", hash = "sha256:5e7e351589da0850c125f1600a4c4ba3c722efefe16b297de54300f08d734fbf"},
    {file = "regex-2024.11.6-cp39-cp39-manylinux_2_17_aarch64.manylinux2014_aarch64.whl", hash = "sha256:5056b185ca113c88e18223183aa1a50e66507769c9640a6ff75859619d73957b"},
    {file = "regex-2024.11.6-cp39-cp39-manylinux_2_17_ppc64le.manylinux2014_ppc64le.whl", hash = "sha256:2e34b51b650b23ed3354b5a07aab37034d9f923db2a40519139af34f485f77d0"},
    {file = "regex-2024.11.6-cp39-cp39-manylinux_2_17_s390x.manylinux2014_s390x.whl", hash = "sha256:5670bce7b200273eee1840ef307bfa07cda90b38ae56e9a6ebcc9f50da9c469b"},
    {file = "regex-2024.11.6-cp39-cp39-manylinux_2_17_x86_64.manylinux2014_x86_64.whl", hash = "sha256:08986dce1339bc932923e7d1232ce9881499a0e02925f7402fb7c982515419ef"},
    {file = "regex-2024.11.6-cp39-cp39-manylinux_2_5_i686.manylinux1_i686.manylinux_2_17_i686.manylinux2014_i686.whl", hash = "sha256:93c0b12d3d3bc25af4ebbf38f9ee780a487e8bf6954c115b9f015822d3bb8e48"},
    {file = "regex-2024.11.6-cp39-cp39-manylinux_2_5_x86_64.manylinux1_x86_64.manylinux_2_12_x86_64.manylinux2010_x86_64.whl", hash = "sha256:764e71f22ab3b305e7f4c21f1a97e1526a25ebdd22513e251cf376760213da13"},
    {file = "regex-2024.11.6-cp39-cp39-musllinux_1_2_aarch64.whl", hash = "sha256:f056bf21105c2515c32372bbc057f43eb02aae2fda61052e2f7622c801f0b4e2"},
    {file = "regex-2024.11.6-cp39-cp39-musllinux_1_2_i686.whl", hash = "sha256:69ab78f848845569401469da20df3e081e6b5a11cb086de3eed1d48f5ed57c95"},
    {file = "regex-2024.11.6-cp39-cp39-musllinux_1_2_ppc64le.whl", hash = "sha256:86fddba590aad9208e2fa8b43b4c098bb0ec74f15718bb6a704e3c63e2cef3e9"},
    {file = "regex-2024.11.6-cp39-cp39-musllinux_1_2_s390x.whl", hash = "sha256:684d7a212682996d21ca12ef3c17353c021fe9de6049e19ac8481ec35574a70f"},
    {file = "regex-2024.11.6-cp39-cp39-musllinux_1_2_x86_64.whl", hash = "sha256:a03e02f48cd1abbd9f3b7e3586d97c8f7a9721c436f51a5245b3b9483044480b"},
    {file = "regex-2024.11.6-cp39-cp39-win32.whl", hash = "sha256:41758407fc32d5c3c5de163888068cfee69cb4c2be844e7ac517a52770f9af57"},
    {file = "regex-2024.11.6-cp39-cp39-win_amd64.whl", hash = "sha256:b2837718570f95dd41675328e111345f9b7095d821bac435aac173ac80b19983"},
    {file = "regex-2024.11.6.tar.gz", hash = "sha256:7ab159b063c52a0333c884e4679f8d7a85112ee3078fe3d9004b2dd875585519"},
]

[[package]]
name = "soupsieve"
version = "2.6"
description = "A modern CSS selector implementation for Beautiful Soup."
optional = false
python-versions = ">=3.8"
files = [
    {file = "soupsieve-2.6-py3-none-any.whl", hash = "sha256:e72c4ff06e4fb6e4b5a9f0f55fe6e81514581fca1515028625d0f299c602ccc9"},
    {file = "soupsieve-2.6.tar.gz", hash = "sha256:e2e68417777af359ec65daac1057404a3c8a5455bb8abc36f1a9866ab1a51abb"},
]

[[package]]
name = "tqdm"
version = "4.67.1"
description = "Fast, Extensible Progress Meter"
optional = false
python-versions = ">=3.7"
files = [
    {file = "tqdm-4.67.1-py3-none-any.whl", hash = "sha256:26445eca388f82e72884e0d580d5464cd801a3ea01e63e5601bdff9ba6a48de2"},
    {file = "tqdm-4.67.1.tar.gz", hash = "sha256:f8aef9c52c08c13a65f30ea34f4e5aac3fd1a34959879d7e59e63027286627f2"},
]

[package.dependencies]
colorama = {version = "*", markers = "platform_system == \"Windows\""}

[package.extras]
dev = ["nbval", "pytest (>=6)", "pytest-asyncio (>=0.24)", "pytest-cov", "pytest-timeout"]
discord = ["requests"]
notebook = ["ipywidgets (>=6)"]
slack = ["slack-sdk"]
telegram = ["requests"]

[[package]]
name = "typing-extensions"
version = "4.12.2"
description = "Backported and Experimental Type Hints for Python 3.8+"
optional = false
python-versions = ">=3.8"
files = [
    {file = "typing_extensions-4.12.2-py3-none-any.whl", hash = "sha256:04e5ca0351e0f3f85c6853954072df659d0d13fac324d0072316b67d7794700d"},
    {file = "typing_extensions-4.12.2.tar.gz", hash = "sha256:1a7ead55c7e559dd4dee8856e3a88b41225abfe1ce8df57b7c13915fe121ffb8"},
]

[metadata]
lock-version = "2.0"
python-versions = "^3.12"
content-hash = "9ded6cceed4c89d78d39c6bd43b80d3005616f25740a3e49990aab97e0c862b8"
